
Microsoft Visual Studio Solution File, Format Version 12.00
# Visual Studio 15
VisualStudioVersion = 15.0.28307.438
MinimumVisualStudioVersion = 10.0.40219.1
Project("{FAE04EC0-301F-11D3-BF4B-00C04F79EFBC}") = "aaList", "aaList\aaList.csproj", "{B31328BE-329D-4E7B-BEA6-C505DCF199E3}"
EndProject
Global
	GlobalSection(SolutionConfigurationPlatforms) = preSolution
		Debug|Any CPU = Debug|Any CPU
		Release|Any CPU = Release|Any CPU
	EndGlobalSection
	GlobalSection(ProjectConfigurationPlatforms) = postSolution
		{B31328BE-329D-4E7B-BEA6-C505DCF199E3}.Debug|Any CPU.ActiveCfg = Debug|Any CPU
		{B31328BE-329D-4E7B-BEA6-C505DCF199E3}.Debug|Any CPU.Build.0 = Debug|Any CPU
		{B31328BE-329D-4E7B-BEA6-C505DCF199E3}.Release|Any CPU.ActiveCfg = Release|Any CPU
		{B31328BE-329D-4E7B-BEA6-C505DCF199E3}.Release|Any CPU.Build.0 = Release|Any CPU
	EndGlobalSection
	GlobalSection(SolutionProperties) = preSolution
		HideSolutionNode = FALSE
	EndGlobalSection
	GlobalSection(ExtensibilityGlobals) = postSolution
		SolutionGuid = {DF393435-FF18-41A1-B8C2-E1735A6A15F1}
	EndGlobalSection
EndGlobal
